// !$*UTF8*$!
{
	archiveVersion = 1;
	classes = {
	};
	objectVersion = 56;
	objects = {

/* Begin PBXBuildFile section */
		C74E617029C9F9DA000D7899 /* SharedLoginMultPlatformApp.swift in Sources */ = {isa = PBXBuildFile; fileRef = C74E616F29C9F9DA000D7899 /* SharedLoginMultPlatformApp.swift */; };
		C74E617229C9F9DA000D7899 /* ContentView.swift in Sources */ = {isa = PBXBuildFile; fileRef = C74E617129C9F9DA000D7899 /* ContentView.swift */; };
		C74E617429C9F9DB000D7899 /* Assets.xcassets in Resources */ = {isa = PBXBuildFile; fileRef = C74E617329C9F9DB000D7899 /* Assets.xcassets */; };
		C74E617829C9F9DB000D7899 /* Preview Assets.xcassets in Resources */ = {isa = PBXBuildFile; fileRef = C74E617729C9F9DB000D7899 /* Preview Assets.xcassets */; };
		C74E618229C9F9DC000D7899 /* SharedLoginMultPlatformTests.swift in Sources */ = {isa = PBXBuildFile; fileRef = C74E618129C9F9DC000D7899 /* SharedLoginMultPlatformTests.swift */; };
		C74E618C29C9F9DC000D7899 /* SharedLoginMultPlatformUITests.swift in Sources */ = {isa = PBXBuildFile; fileRef = C74E618B29C9F9DC000D7899 /* SharedLoginMultPlatformUITests.swift */; };
		C74E618E29C9F9DC000D7899 /* SharedLoginMultPlatformUITestsLaunchTests.swift in Sources */ = {isa = PBXBuildFile; fileRef = C74E618D29C9F9DC000D7899 /* SharedLoginMultPlatformUITestsLaunchTests.swift */; };
/* End PBXBuildFile section */

/* Begin PBXContainerItemProxy section */
		C74E617E29C9F9DC000D7899 /* PBXContainerItemProxy */ = {
			isa = PBXContainerItemProxy;
			containerPortal = C74E616429C9F9DA000D7899 /* Project object */;
			proxyType = 1;
			remoteGlobalIDString = C74E616B29C9F9DA000D7899;
			remoteInfo = SharedLoginMultPlatform;
		};
		C74E618829C9F9DC000D7899 /* PBXContainerItemProxy */ = {
			isa = PBXContainerItemProxy;
			containerPortal = C74E616429C9F9DA000D7899 /* Project object */;
			proxyType = 1;
			remoteGlobalIDString = C74E616B29C9F9DA000D7899;
			remoteInfo = SharedLoginMultPlatform;
		};
/* End PBXContainerItemProxy section */

/* Begin PBXFileReference section */
		C74E616C29C9F9DA000D7899 /* SharedLoginMultPlatform.app */ = {isa = PBXFileReference; explicitFileType = wrapper.application; includeInIndex = 0; path = SharedLoginMultPlatform.app; sourceTree = BUILT_PRODUCTS_DIR; };
		C74E616F29C9F9DA000D7899 /* SharedLoginMultPlatformApp.swift */ = {isa = PBXFileReference; lastKnownFileType = sourcecode.swift; path = SharedLoginMultPlatformApp.swift; sourceTree = "<group>"; };
		C74E617129C9F9DA000D7899 /* ContentView.swift */ = {isa = PBXFileReference; lastKnownFileType = sourcecode.swift; path = ContentView.swift; sourceTree = "<group>"; };
		C74E617329C9F9DB000D7899 /* Assets.xcassets */ = {isa = PBXFileReference; lastKnownFileType = folder.assetcatalog; path = Assets.xcassets; sourceTree = "<group>"; };
		C74E617529C9F9DB000D7899 /* SharedLoginMultPlatform.entitlements */ = {isa = PBXFileReference; lastKnownFileType = text.plist.entitlements; path = SharedLoginMultPlatform.entitlements; sourceTree = "<group>"; };
		C74E617729C9F9DB000D7899 /* Preview Assets.xcassets */ = {isa = PBXFileReference; lastKnownFileType = folder.assetcatalog; path = "Preview Assets.xcassets"; sourceTree = "<group>"; };
		C74E617D29C9F9DC000D7899 /* SharedLoginMultPlatformTests.xctest */ = {isa = PBXFileReference; explicitFileType = wrapper.cfbundle; includeInIndex = 0; path = SharedLoginMultPlatformTests.xctest; sourceTree = BUILT_PRODUCTS_DIR; };
		C74E618129C9F9DC000D7899 /* SharedLoginMultPlatformTests.swift */ = {isa = PBXFileReference; lastKnownFileType = sourcecode.swift; path = SharedLoginMultPlatformTests.swift; sourceTree = "<group>"; };
		C74E618729C9F9DC000D7899 /* SharedLoginMultPlatformUITests.xctest */ = {isa = PBXFileReference; explicitFileType = wrapper.cfbundle; includeInIndex = 0; path = SharedLoginMultPlatformUITests.xctest; sourceTree = BUILT_PRODUCTS_DIR; };
		C74E618B29C9F9DC000D7899 /* SharedLoginMultPlatformUITests.swift */ = {isa = PBXFileReference; lastKnownFileType = sourcecode.swift; path = SharedLoginMultPlatformUITests.swift; sourceTree = "<group>"; };
		C74E618D29C9F9DC000D7899 /* SharedLoginMultPlatformUITestsLaunchTests.swift */ = {isa = PBXFileReference; lastKnownFileType = sourcecode.swift; path = SharedLoginMultPlatformUITestsLaunchTests.swift; sourceTree = "<group>"; };
/* End PBXFileReference section */

/* Begin PBXFrameworksBuildPhase section */
		C74E616929C9F9DA000D7899 /* Frameworks */ = {
			isa = PBXFrameworksBuildPhase;
			buildActionMask = 2147483647;
			files = (
			);
			runOnlyForDeploymentPostprocessing = 0;
		};
		C74E617A29C9F9DC000D7899 /* Frameworks */ = {
			isa = PBXFrameworksBuildPhase;
			buildActionMask = 2147483647;
			files = (
			);
			runOnlyForDeploymentPostprocessing = 0;
		};
		C74E618429C9F9DC000D7899 /* Frameworks */ = {
			isa = PBXFrameworksBuildPhase;
			buildActionMask = 2147483647;
			files = (
			);
			runOnlyForDeploymentPostprocessing = 0;
		};
/* End PBXFrameworksBuildPhase section */

/* Begin PBXGroup section */
		C74E616329C9F9DA000D7899 = {
			isa = PBXGroup;
			children = (
				C74E616E29C9F9DA000D7899 /* SharedLoginMultPlatform */,
				C74E618029C9F9DC000D7899 /* SharedLoginMultPlatformTests */,
				C74E618A29C9F9DC000D7899 /* SharedLoginMultPlatformUITests */,
				C74E616D29C9F9DA000D7899 /* Products */,
			);
			sourceTree = "<group>";
		};
		C74E616D29C9F9DA000D7899 /* Products */ = {
			isa = PBXGroup;
			children = (
				C74E616C29C9F9DA000D7899 /* SharedLoginMultPlatform.app */,
				C74E617D29C9F9DC000D7899 /* SharedLoginMultPlatformTests.xctest */,
				C74E618729C9F9DC000D7899 /* SharedLoginMultPlatformUITests.xctest */,
			);
			name = Products;
			sourceTree = "<group>";
		};
		C74E616E29C9F9DA000D7899 /* SharedLoginMultPlatform */ = {
			isa = PBXGroup;
			children = (
				C74E616F29C9F9DA000D7899 /* SharedLoginMultPlatformApp.swift */,
				C74E617129C9F9DA000D7899 /* ContentView.swift */,
				C74E617329C9F9DB000D7899 /* Assets.xcassets */,
				C74E617529C9F9DB000D7899 /* SharedLoginMultPlatform.entitlements */,
				C74E617629C9F9DB000D7899 /* Preview Content */,
			);
			path = SharedLoginMultPlatform;
			sourceTree = "<group>";
		};
		C74E617629C9F9DB000D7899 /* Preview Content */ = {
			isa = PBXGroup;
			children = (
				C74E617729C9F9DB000D7899 /* Preview Assets.xcassets */,
			);
			path = "Preview Content";
			sourceTree = "<group>";
		};
		C74E618029C9F9DC000D7899 /* SharedLoginMultPlatformTests */ = {
			isa = PBXGroup;
			children = (
				C74E618129C9F9DC000D7899 /* SharedLoginMultPlatformTests.swift */,
			);
			path = SharedLoginMultPlatformTests;
			sourceTree = "<group>";
		};
		C74E618A29C9F9DC000D7899 /* SharedLoginMultPlatformUITests */ = {
			isa = PBXGroup;
			children = (
				C74E618B29C9F9DC000D7899 /* SharedLoginMultPlatformUITests.swift */,
				C74E618D29C9F9DC000D7899 /* SharedLoginMultPlatformUITestsLaunchTests.swift */,
			);
			path = SharedLoginMultPlatformUITests;
			sourceTree = "<group>";
		};
/* End PBXGroup section */

/* Begin PBXNativeTarget section */
		C74E616B29C9F9DA000D7899 /* SharedLoginMultPlatform */ = {
			isa = PBXNativeTarget;
			buildConfigurationList = C74E619129C9F9DC000D7899 /* Build configuration list for PBXNativeTarget "SharedLoginMultPlatform" */;
			buildPhases = (
				C74E616829C9F9DA000D7899 /* Sources */,
				C74E616929C9F9DA000D7899 /* Frameworks */,
				C74E616A29C9F9DA000D7899 /* Resources */,
			);
			buildRules = (
			);
			dependencies = (
			);
			name = SharedLoginMultPlatform;
			productName = SharedLoginMultPlatform;
			productReference = C74E616C29C9F9DA000D7899 /* SharedLoginMultPlatform.app */;
			productType = "com.apple.product-type.application";
		};
		C74E617C29C9F9DC000D7899 /* SharedLoginMultPlatformTests */ = {
			isa = PBXNativeTarget;
			buildConfigurationList = C74E619429C9F9DC000D7899 /* Build configuration list for PBXNativeTarget "SharedLoginMultPlatformTests" */;
			buildPhases = (
				C74E617929C9F9DC000D7899 /* Sources */,
				C74E617A29C9F9DC000D7899 /* Frameworks */,
				C74E617B29C9F9DC000D7899 /* Resources */,
			);
			buildRules = (
			);
			dependencies = (
				C74E617F29C9F9DC000D7899 /* PBXTargetDependency */,
			);
			name = SharedLoginMultPlatformTests;
			productName = SharedLoginMultPlatformTests;
			productReference = C74E617D29C9F9DC000D7899 /* SharedLoginMultPlatformTests.xctest */;
			productType = "com.apple.product-type.bundle.unit-test";
		};
		C74E618629C9F9DC000D7899 /* SharedLoginMultPlatformUITests */ = {
			isa = PBXNativeTarget;
			buildConfigurationList = C74E619729C9F9DC000D7899 /* Build configuration list for PBXNativeTarget "SharedLoginMultPlatformUITests" */;
			buildPhases = (
				C74E618329C9F9DC000D7899 /* Sources */,
				C74E618429C9F9DC000D7899 /* Frameworks */,
				C74E618529C9F9DC000D7899 /* Resources */,
			);
			buildRules = (
			);
			dependencies = (
				C74E618929C9F9DC000D7899 /* PBXTargetDependency */,
			);
			name = SharedLoginMultPlatformUITests;
			productName = SharedLoginMultPlatformUITests;
			productReference = C74E618729C9F9DC000D7899 /* SharedLoginMultPlatformUITests.xctest */;
			productType = "com.apple.product-type.bundle.ui-testing";
		};
/* End PBXNativeTarget section */

/* Begin PBXProject section */
		C74E616429C9F9DA000D7899 /* Project object */ = {
			isa = PBXProject;
			attributes = {
				BuildIndependentTargetsInParallel = 1;
				LastSwiftUpdateCheck = 1420;
				LastUpgradeCheck = 1420;
				TargetAttributes = {
					C74E616B29C9F9DA000D7899 = {
						CreatedOnToolsVersion = 14.2;
					};
					C74E617C29C9F9DC000D7899 = {
						CreatedOnToolsVersion = 14.2;
						TestTargetID = C74E616B29C9F9DA000D7899;
					};
					C74E618629C9F9DC000D7899 = {
						CreatedOnToolsVersion = 14.2;
						TestTargetID = C74E616B29C9F9DA000D7899;
					};
				};
			};
			buildConfigurationList = C74E616729C9F9DA000D7899 /* Build configuration list for PBXProject "SharedLoginMultPlatform" */;
			compatibilityVersion = "Xcode 14.0";
			developmentRegion = en;
			hasScannedForEncodings = 0;
			knownRegions = (
				en,
				Base,
			);
			mainGroup = C74E616329C9F9DA000D7899;
			productRefGroup = C74E616D29C9F9DA000D7899 /* Products */;
			projectDirPath = "";
			projectRoot = "";
			targets = (
				C74E616B29C9F9DA000D7899 /* SharedLoginMultPlatform */,
				C74E617C29C9F9DC000D7899 /* SharedLoginMultPlatformTests */,
				C74E618629C9F9DC000D7899 /* SharedLoginMultPlatformUITests */,
			);
		};
/* End PBXProject section */

/* Begin PBXResourcesBuildPhase section */
		C74E616A29C9F9DA000D7899 /* Resources */ = {
			isa = PBXResourcesBuildPhase;
			buildActionMask = 2147483647;
			files = (
				C74E617829C9F9DB000D7899 /* Preview Assets.xcassets in Resources */,
				C74E617429C9F9DB000D7899 /* Assets.xcassets in Resources */,
			);
			runOnlyForDeploymentPostprocessing = 0;
		};
		C74E617B29C9F9DC000D7899 /* Resources */ = {
			isa = PBXResourcesBuildPhase;
			buildActionMask = 2147483647;
			files = (
			);
			runOnlyForDeploymentPostprocessing = 0;
		};
		C74E618529C9F9DC000D7899 /* Resources */ = {
			isa = PBXResourcesBuildPhase;
			buildActionMask = 2147483647;
			files = (
			);
			runOnlyForDeploymentPostprocessing = 0;
		};
/* End PBXResourcesBuildPhase section */

/* Begin PBXSourcesBuildPhase section */
		C74E616829C9F9DA000D7899 /* Sources */ = {
			isa = PBXSourcesBuildPhase;
			buildActionMask = 2147483647;
			files = (
				C74E617229C9F9DA000D7899 /* ContentView.swift in Sources */,
				C74E617029C9F9DA000D7899 /* SharedLoginMultPlatformApp.swift in Sources */,
			);
			runOnlyForDeploymentPostprocessing = 0;
		};
		C74E617929C9F9DC000D7899 /* Sources */ = {
			isa = PBXSourcesBuildPhase;
			buildActionMask = 2147483647;
			files = (
				C74E618229C9F9DC000D7899 /* SharedLoginMultPlatformTests.swift in Sources */,
			);
			runOnlyForDeploymentPostprocessing = 0;
		};
		C74E618329C9F9DC000D7899 /* Sources */ = {
			isa = PBXSourcesBuildPhase;
			buildActionMask = 2147483647;
			files = (
				C74E618E29C9F9DC000D7899 /* SharedLoginMultPlatformUITestsLaunchTests.swift in Sources */,
				C74E618C29C9F9DC000D7899 /* SharedLoginMultPlatformUITests.swift in Sources */,
			);
			runOnlyForDeploymentPostprocessing = 0;
		};
/* End PBXSourcesBuildPhase section */

/* Begin PBXTargetDependency section */
		C74E617F29C9F9DC000D7899 /* PBXTargetDependency */ = {
			isa = PBXTargetDependency;
			target = C74E616B29C9F9DA000D7899 /* SharedLoginMultPlatform */;
			targetProxy = C74E617E29C9F9DC000D7899 /* PBXContainerItemProxy */;
		};
		C74E618929C9F9DC000D7899 /* PBXTargetDependency */ = {
			isa = PBXTargetDependency;
			target = C74E616B29C9F9DA000D7899 /* SharedLoginMultPlatform */;
			targetProxy = C74E618829C9F9DC000D7899 /* PBXContainerItemProxy */;
		};
/* End PBXTargetDependency section */

/* Begin XCBuildConfiguration section */
		C74E618F29C9F9DC000D7899 /* Debug */ = {
			isa = XCBuildConfiguration;
			buildSettings = {
				ALWAYS_SEARCH_USER_PATHS = NO;
				CLANG_ANALYZER_NONNULL = YES;
				CLANG_ANALYZER_NUMBER_OBJECT_CONVERSION = YES_AGGRESSIVE;
				CLANG_CXX_LANGUAGE_STANDARD = "gnu++20";
				CLANG_ENABLE_MODULES = YES;
				CLANG_ENABLE_OBJC_ARC = YES;
				CLANG_ENABLE_OBJC_WEAK = YES;
				CLANG_WARN_BLOCK_CAPTURE_AUTORELEASING = YES;
				CLANG_WARN_BOOL_CONVERSION = YES;
				CLANG_WARN_COMMA = YES;
				CLANG_WARN_CONSTANT_CONVERSION = YES;
				CLANG_WARN_DEPRECATED_OBJC_IMPLEMENTATIONS = YES;
				CLANG_WARN_DIRECT_OBJC_ISA_USAGE = YES_ERROR;
				CLANG_WARN_DOCUMENTATION_COMMENTS = YES;
				CLANG_WARN_EMPTY_BODY = YES;
				CLANG_WARN_ENUM_CONVERSION = YES;
				CLANG_WARN_INFINITE_RECURSION = YES;
				CLANG_WARN_INT_CONVERSION = YES;
				CLANG_WARN_NON_LITERAL_NULL_CONVERSION = YES;
				CLANG_WARN_OBJC_IMPLICIT_RETAIN_SELF = YES;
				CLANG_WARN_OBJC_LITERAL_CONVERSION = YES;
				CLANG_WARN_OBJC_ROOT_CLASS = YES_ERROR;
				CLANG_WARN_QUOTED_INCLUDE_IN_FRAMEWORK_HEADER = YES;
				CLANG_WARN_RANGE_LOOP_ANALYSIS = YES;
				CLANG_WARN_STRICT_PROTOTYPES = YES;
				CLANG_WARN_SUSPICIOUS_MOVE = YES;
				CLANG_WARN_UNGUARDED_AVAILABILITY = YES_AGGRESSIVE;
				CLANG_WARN_UNREACHABLE_CODE = YES;
				CLANG_WARN__DUPLICATE_METHOD_MATCH = YES;
				COPY_PHASE_STRIP = NO;
				DEBUG_INFORMATION_FORMAT = dwarf;
				ENABLE_STRICT_OBJC_MSGSEND = YES;
				ENABLE_TESTABILITY = YES;
				GCC_C_LANGUAGE_STANDARD = gnu11;
				GCC_DYNAMIC_NO_PIC = NO;
				GCC_NO_COMMON_BLOCKS = YES;
				GCC_OPTIMIZATION_LEVEL = 0;
				GCC_PREPROCESSOR_DEFINITIONS = (
					"DEBUG=1",
					"$(inherited)",
				);
				GCC_WARN_64_TO_32_BIT_CONVERSION = YES;
				GCC_WARN_ABOUT_RETURN_TYPE = YES_ERROR;
				GCC_WARN_UNDECLARED_SELECTOR = YES;
				GCC_WARN_UNINITIALIZED_AUTOS = YES_AGGRESSIVE;
				GCC_WARN_UNUSED_FUNCTION = YES;
				GCC_WARN_UNUSED_VARIABLE = YES;
				MTL_ENABLE_DEBUG_INFO = INCLUDE_SOURCE;
				MTL_FAST_MATH = YES;
				ONLY_ACTIVE_ARCH = YES;
				SWIFT_ACTIVE_COMPILATION_CONDITIONS = DEBUG;
				SWIFT_OPTIMIZATION_LEVEL = "-Onone";
			};
			name = Debug;
		};
		C74E619029C9F9DC000D7899 /* Release */ = {
			isa = XCBuildConfiguration;
			buildSettings = {
				ALWAYS_SEARCH_USER_PATHS = NO;
				CLANG_ANALYZER_NONNULL = YES;
				CLANG_ANALYZER_NUMBER_OBJECT_CONVERSION = YES_AGGRESSIVE;
				CLANG_CXX_LANGUAGE_STANDARD = "gnu++20";
				CLANG_ENABLE_MODULES = YES;
				CLANG_ENABLE_OBJC_ARC = YES;
				CLANG_ENABLE_OBJC_WEAK = YES;
				CLANG_WARN_BLOCK_CAPTURE_AUTORELEASING = YES;
				CLANG_WARN_BOOL_CONVERSION = YES;
				CLANG_WARN_COMMA = YES;
				CLANG_WARN_CONSTANT_CONVERSION = YES;
				CLANG_WARN_DEPRECATED_OBJC_IMPLEMENTATIONS = YES;
				CLANG_WARN_DIRECT_OBJC_ISA_USAGE = YES_ERROR;
				CLANG_WARN_DOCUMENTATION_COMMENTS = YES;
				CLANG_WARN_EMPTY_BODY = YES;
				CLANG_WARN_ENUM_CONVERSION = YES;
				CLANG_WARN_INFINITE_RECURSION = YES;
				CLANG_WARN_INT_CONVERSION = YES;
				CLANG_WARN_NON_LITERAL_NULL_CONVERSION = YES;
				CLANG_WARN_OBJC_IMPLICIT_RETAIN_SELF = YES;
				CLANG_WARN_OBJC_LITERAL_CONVERSION = YES;
				CLANG_WARN_OBJC_ROOT_CLASS = YES_ERROR;
				CLANG_WARN_QUOTED_INCLUDE_IN_FRAMEWORK_HEADER = YES;
				CLANG_WARN_RANGE_LOOP_ANALYSIS = YES;
				CLANG_WARN_STRICT_PROTOTYPES = YES;
				CLANG_WARN_SUSPICIOUS_MOVE = YES;
				CLANG_WARN_UNGUARDED_AVAILABILITY = YES_AGGRESSIVE;
				CLANG_WARN_UNREACHABLE_CODE = YES;
				CLANG_WARN__DUPLICATE_METHOD_MATCH = YES;
				COPY_PHASE_STRIP = NO;
				DEBUG_INFORMATION_FORMAT = "dwarf-with-dsym";
				ENABLE_NS_ASSERTIONS = NO;
				ENABLE_STRICT_OBJC_MSGSEND = YES;
				GCC_C_LANGUAGE_STANDARD = gnu11;
				GCC_NO_COMMON_BLOCKS = YES;
				GCC_WARN_64_TO_32_BIT_CONVERSION = YES;
				GCC_WARN_ABOUT_RETURN_TYPE = YES_ERROR;
				GCC_WARN_UNDECLARED_SELECTOR = YES;
				GCC_WARN_UNINITIALIZED_AUTOS = YES_AGGRESSIVE;
				GCC_WARN_UNUSED_FUNCTION = YES;
				GCC_WARN_UNUSED_VARIABLE = YES;
				MTL_ENABLE_DEBUG_INFO = NO;
				MTL_FAST_MATH = YES;
				SWIFT_COMPILATION_MODE = wholemodule;
				SWIFT_OPTIMIZATION_LEVEL = "-O";
			};
			name = Release;
		};
		C74E619229C9F9DC000D7899 /* Debug */ = {
			isa = XCBuildConfiguration;
			buildSettings = {
				ASSETCATALOG_COMPILER_APPICON_NAME = AppIcon;
				ASSETCATALOG_COMPILER_GLOBAL_ACCENT_COLOR_NAME = AccentColor;
				CODE_SIGN_ENTITLEMENTS = SharedLoginMultPlatform/SharedLoginMultPlatform.entitlements;
				CODE_SIGN_STYLE = Automatic;
				CURRENT_PROJECT_VERSION = 1;
				DEVELOPMENT_ASSET_PATHS = "\"SharedLoginMultPlatform/Preview Content\"";
				DEVELOPMENT_TEAM = 992QM9NYZM;
				ENABLE_HARDENED_RUNTIME = YES;
				ENABLE_PREVIEWS = YES;
				GENERATE_INFOPLIST_FILE = YES;
				"INFOPLIST_KEY_UIApplicationSceneManifest_Generation[sdk=iphoneos*]" = YES;
				"INFOPLIST_KEY_UIApplicationSceneManifest_Generation[sdk=iphonesimulator*]" = YES;
				"INFOPLIST_KEY_UIApplicationSupportsIndirectInputEvents[sdk=iphoneos*]" = YES;
				"INFOPLIST_KEY_UIApplicationSupportsIndirectInputEvents[sdk=iphonesimulator*]" = YES;
				"INFOPLIST_KEY_UILaunchScreen_Generation[sdk=iphoneos*]" = YES;
				"INFOPLIST_KEY_UILaunchScreen_Generation[sdk=iphonesimulator*]" = YES;
				"INFOPLIST_KEY_UIStatusBarStyle[sdk=iphoneos*]" = UIStatusBarStyleDefault;
				"INFOPLIST_KEY_UIStatusBarStyle[sdk=iphonesimulator*]" = UIStatusBarStyleDefault;
				INFOPLIST_KEY_UISupportedInterfaceOrientations_iPad = "UIInterfaceOrientationPortrait UIInterfaceOrientationPortraitUpsideDown UIInterfaceOrientationLandscapeLeft UIInterfaceOrientationLandscapeRight";
				INFOPLIST_KEY_UISupportedInterfaceOrientations_iPhone = "UIInterfaceOrientationPortrait UIInterfaceOrientationLandscapeLeft UIInterfaceOrientationLandscapeRight";
				IPHONEOS_DEPLOYMENT_TARGET = 16.2;
				LD_RUNPATH_SEARCH_PATHS = "@executable_path/Frameworks";
				"LD_RUNPATH_SEARCH_PATHS[sdk=macosx*]" = "@executable_path/../Frameworks";
				MACOSX_DEPLOYMENT_TARGET = 13.1;
				MARKETING_VERSION = 1.0;
				PRODUCT_BUNDLE_IDENTIFIER = com.nwrstudio.SharedLoginMultPlatform;
				PRODUCT_NAME = "$(TARGET_NAME)";
				SDKROOT = auto;
				SUPPORTED_PLATFORMS = "iphoneos iphonesimulator macosx";
				SWIFT_EMIT_LOC_STRINGS = YES;
				SWIFT_VERSION = 5.0;
				TARGETED_DEVICE_FAMILY = "1,2";
			};
			name = Debug;
		};
		C74E619329C9F9DC000D7899 /* Release */ = {
			isa = XCBuildConfiguration;
			buildSettings = {
				ASSETCATALOG_COMPILER_APPICON_NAME = AppIcon;
				ASSETCATALOG_COMPILER_GLOBAL_ACCENT_COLOR_NAME = AccentColor;
				CODE_SIGN_ENTITLEMENTS = SharedLoginMultPlatform/SharedLoginMultPlatform.entitlements;
				CODE_SIGN_STYLE = Automatic;
				CURRENT_PROJECT_VERSION = 1;
				DEVELOPMENT_ASSET_PATHS = "\"SharedLoginMultPlatform/Preview Content\"";
				DEVELOPMENT_TEAM = 992QM9NYZM;
				ENABLE_HARDENED_RUNTIME = YES;
				ENABLE_PREVIEWS = YES;
				GENERATE_INFOPLIST_FILE = YES;
				"INFOPLIST_KEY_UIApplicationSceneManifest_Generation[sdk=iphoneos*]" = YES;
				"INFOPLIST_KEY_UIApplicationSceneManifest_Generation[sdk=iphonesimulator*]" = YES;
				"INFOPLIST_KEY_UIApplicationSupportsIndirectInputEvents[sdk=iphoneos*]" = YES;
				"INFOPLIST_KEY_UIApplicationSupportsIndirectInputEvents[sdk=iphonesimulator*]" = YES;
				"INFOPLIST_KEY_UILaunchScreen_Generation[sdk=iphoneos*]" = YES;
				"INFOPLIST_KEY_UILaunchScreen_Generation[sdk=iphonesimulator*]" = YES;
				"INFOPLIST_KEY_UIStatusBarStyle[sdk=iphoneos*]" = UIStatusBarStyleDefault;
				"INFOPLIST_KEY_UIStatusBarStyle[sdk=iphonesimulator*]" = UIStatusBarStyleDefault;
				INFOPLIST_KEY_UISupportedInterfaceOrientations_iPad = "UIInterfaceOrientationPortrait UIInterfaceOrientationPortraitUpsideDown UIInterfaceOrientationLandscapeLeft UIInterfaceOrientationLandscapeRight";
				INFOPLIST_KEY_UISupportedInterfaceOrientations_iPhone = "UIInterfaceOrientationPortrait UIInterfaceOrientationLandscapeLeft UIInterfaceOrientationLandscapeRight";
				IPHONEOS_DEPLOYMENT_TARGET = 16.2;
				LD_RUNPATH_SEARCH_PATHS = "@executable_path/Frameworks";
				"LD_RUNPATH_SEARCH_PATHS[sdk=macosx*]" = "@executable_path/../Frameworks";
				MACOSX_DEPLOYMENT_TARGET = 13.1;
				MARKETING_VERSION = 1.0;
				PRODUCT_BUNDLE_IDENTIFIER = com.nwrstudio.SharedLoginMultPlatform;
				PRODUCT_NAME = "$(TARGET_NAME)";
				SDKROOT = auto;
				SUPPORTED_PLATFORMS = "iphoneos iphonesimulator macosx";
				SWIFT_EMIT_LOC_STRINGS = YES;
				SWIFT_VERSION = 5.0;
				TARGETED_DEVICE_FAMILY = "1,2";
			};
			name = Release;
		};
		C74E619529C9F9DC000D7899 /* Debug */ = {
			isa = XCBuildConfiguration;
			buildSettings = {
				ALWAYS_EMBED_SWIFT_STANDARD_LIBRARIES = YES;
				BUNDLE_LOADER = "$(TEST_HOST)";
				CODE_SIGN_STYLE = Automatic;
				CURRENT_PROJECT_VERSION = 1;
				DEVELOPMENT_TEAM = 992QM9NYZM;
				GENERATE_INFOPLIST_FILE = YES;
				IPHONEOS_DEPLOYMENT_TARGET = 16.2;
				MACOSX_DEPLOYMENT_TARGET = 13.1;
				MARKETING_VERSION = 1.0;
				PRODUCT_BUNDLE_IDENTIFIER = com.nwrstudio.SharedLoginMultPlatformTests;
				PRODUCT_NAME = "$(TARGET_NAME)";
				SDKROOT = auto;
				SUPPORTED_PLATFORMS = "iphoneos iphonesimulator macosx";
				SWIFT_EMIT_LOC_STRINGS = NO;
				SWIFT_VERSION = 5.0;
				TARGETED_DEVICE_FAMILY = "1,2";
				TEST_HOST = "$(BUILT_PRODUCTS_DIR)/SharedLoginMultPlatform.app/$(BUNDLE_EXECUTABLE_FOLDER_PATH)/SharedLoginMultPlatform";
			};
			name = Debug;
		};
		C74E619629C9F9DC000D7899 /* Release */ = {
			isa = XCBuildConfiguration;
			buildSettings = {
				ALWAYS_EMBED_SWIFT_STANDARD_LIBRARIES = YES;
				BUNDLE_LOADER = "$(TEST_HOST)";
				CODE_SIGN_STYLE = Automatic;
				CURRENT_PROJECT_VERSION = 1;
				DEVELOPMENT_TEAM = 992QM9NYZM;
				GENERATE_INFOPLIST_FILE = YES;
				IPHONEOS_DEPLOYMENT_TARGET = 16.2;
				MACOSX_DEPLOYMENT_TARGET = 13.1;
				MARKETING_VERSION = 1.0;
				PRODUCT_BUNDLE_IDENTIFIER = com.nwrstudio.SharedLoginMultPlatformTests;
				PRODUCT_NAME = "$(TARGET_NAME)";
				SDKROOT = auto;
				SUPPORTED_PLATFORMS = "iphoneos iphonesimulator macosx";
				SWIFT_EMIT_LOC_STRINGS = NO;
				SWIFT_VERSION = 5.0;
				TARGETED_DEVICE_FAMILY = "1,2";
				TEST_HOST = "$(BUILT_PRODUCTS_DIR)/SharedLoginMultPlatform.app/$(BUNDLE_EXECUTABLE_FOLDER_PATH)/SharedLoginMultPlatform";
			};
			name = Release;
		};
		C74E619829C9F9DC000D7899 /* Debug */ = {
			isa = XCBuildConfiguration;
			buildSettings = {
				ALWAYS_EMBED_SWIFT_STANDARD_LIBRARIES = YES;
				CODE_SIGN_STYLE = Automatic;
				CURRENT_PROJECT_VERSION = 1;
				DEVELOPMENT_TEAM = 992QM9NYZM;
				GENERATE_INFOPLIST_FILE = YES;
				IPHONEOS_DEPLOYMENT_TARGET = 16.2;
				MACOSX_DEPLOYMENT_TARGET = 13.1;
				MARKETING_VERSION = 1.0;
				PRODUCT_BUNDLE_IDENTIFIER = com.nwrstudio.SharedLoginMultPlatformUITests;
				PRODUCT_NAME = "$(TARGET_NAME)";
				SDKROOT = auto;
				SUPPORTED_PLATFORMS = "iphoneos iphonesimulator macosx";
				SWIFT_EMIT_LOC_STRINGS = NO;
				SWIFT_VERSION = 5.0;
				TARGETED_DEVICE_FAMILY = "1,2";
				TEST_TARGET_NAME = SharedLoginMultPlatform;
			};
			name = Debug;
		};
		C74E619929C9F9DC000D7899 /* Release */ = {
			isa = XCBuildConfiguration;
			buildSettings = {
				ALWAYS_EMBED_SWIFT_STANDARD_LIBRARIES = YES;
				CODE_SIGN_STYLE = Automatic;
				CURRENT_PROJECT_VERSION = 1;
				DEVELOPMENT_TEAM = 992QM9NYZM;
				GENERATE_INFOPLIST_FILE = YES;
				IPHONEOS_DEPLOYMENT_TARGET = 16.2;
				MACOSX_DEPLOYMENT_TARGET = 13.1;
				MARKETING_VERSION = 1.0;
				PRODUCT_BUNDLE_IDENTIFIER = com.nwrstudio.SharedLoginMultPlatformUITests;
				PRODUCT_NAME = "$(TARGET_NAME)";
				SDKROOT = auto;
				SUPPORTED_PLATFORMS = "iphoneos iphonesimulator macosx";
				SWIFT_EMIT_LOC_STRINGS = NO;
				SWIFT_VERSION = 5.0;
				TARGETED_DEVICE_FAMILY = "1,2";
				TEST_TARGET_NAME = SharedLoginMultPlatform;
			};
			name = Release;
		};
/* End XCBuildConfiguration section */

/* Begin XCConfigurationList section */
		C74E616729C9F9DA000D7899 /* Build configuration list for PBXProject "SharedLoginMultPlatform" */ = {
			isa = XCConfigurationList;
			buildConfigurations = (
				C74E618F29C9F9DC000D7899 /* Debug */,
				C74E619029C9F9DC000D7899 /* Release */,
			);
			defaultConfigurationIsVisible = 0;
			defaultConfigurationName = Release;
		};
		C74E619129C9F9DC000D7899 /* Build configuration list for PBXNativeTarget "SharedLoginMultPlatform" */ = {
			isa = XCConfigurationList;
			buildConfigurations = (
				C74E619229C9F9DC000D7899 /* Debug */,
				C74E619329C9F9DC000D7899 /* Release */,
			);
			defaultConfigurationIsVisible = 0;
			defaultConfigurationName = Release;
		};
		C74E619429C9F9DC000D7899 /* Build configuration list for PBXNativeTarget "SharedLoginMultPlatformTests" */ = {
			isa = XCConfigurationList;
			buildConfigurations = (
				C74E619529C9F9DC000D7899 /* Debug */,
				C74E619629C9F9DC000D7899 /* Release */,
			);
			defaultConfigurationIsVisible = 0;
			defaultConfigurationName = Release;
		};
		C74E619729C9F9DC000D7899 /* Build configuration list for PBXNativeTarget "SharedLoginMultPlatformUITests" */ = {
			isa = XCConfigurationList;
			buildConfigurations = (
				C74E619829C9F9DC000D7899 /* Debug */,
				C74E619929C9F9DC000D7899 /* Release */,
			);
			defaultConfigurationIsVisible = 0;
			defaultConfigurationName = Release;
		};
/* End XCConfigurationList section */
	};
	rootObject = C74E616429C9F9DA000D7899 /* Project object */;
}
